// !$*UTF8*$!
{
	archiveVersion = 1;
	classes = {
	};
	objectVersion = 56;
	objects = {

/* Begin PBXBuildFile section */
		9EE2C7F32B2B337400435485 /* CoreDataSolutionsApp.swift in Sources */ = {isa = PBXBuildFile; fileRef = 9EE2C7F22B2B337400435485 /* CoreDataSolutionsApp.swift */; };
		9EE2C7F52B2B337400435485 /* ContentView.swift in Sources */ = {isa = PBXBuildFile; fileRef = 9EE2C7F42B2B337400435485 /* ContentView.swift */; };
		9EE2C7F72B2B337500435485 /* Assets.xcassets in Resources */ = {isa = PBXBuildFile; fileRef = 9EE2C7F62B2B337500435485 /* Assets.xcassets */; };
		9EE2C7FA2B2B337500435485 /* Preview Assets.xcassets in Resources */ = {isa = PBXBuildFile; fileRef = 9EE2C7F92B2B337500435485 /* Preview Assets.xcassets */; };
		9EE2C8022B2B33C500435485 /* PhotosModel.xcdatamodeld in Sources */ = {isa = PBXBuildFile; fileRef = 9EE2C8002B2B33C500435485 /* PhotosModel.xcdatamodeld */; };
		9EE2C8042B2B352E00435485 /* Photo.swift in Sources */ = {isa = PBXBuildFile; fileRef = 9EE2C8032B2B352E00435485 /* Photo.swift */; };
		9EE2C8062B2B35F500435485 /* CoreDataManager.swift in Sources */ = {isa = PBXBuildFile; fileRef = 9EE2C8052B2B35F500435485 /* CoreDataManager.swift */; };
		9EE2C8082B2B37D800435485 /* PhotoViewModel.swift in Sources */ = {isa = PBXBuildFile; fileRef = 9EE2C8072B2B37D800435485 /* PhotoViewModel.swift */; };
		9EE2C80A2B2B3B7100435485 /* UIImageTransformer.swift in Sources */ = {isa = PBXBuildFile; fileRef = 9EE2C8092B2B3B7100435485 /* UIImageTransformer.swift */; };
/* End PBXBuildFile section */

/* Begin PBXFileReference section */
		9E9A3BFC2B2C127000EF6E74 /* CoreData Problem .md */ = {isa = PBXFileReference; lastKnownFileType = net.daringfireball.markdown; path = "CoreData Problem .md"; sourceTree = "<group>"; };
		9EE2C7EF2B2B337400435485 /* CoreDataSolutions.app */ = {isa = PBXFileReference; explicitFileType = wrapper.application; includeInIndex = 0; path = CoreDataSolutions.app; sourceTree = BUILT_PRODUCTS_DIR; };
		9EE2C7F22B2B337400435485 /* CoreDataSolutionsApp.swift */ = {isa = PBXFileReference; lastKnownFileType = sourcecode.swift; path = CoreDataSolutionsApp.swift; sourceTree = "<group>"; };
		9EE2C7F42B2B337400435485 /* ContentView.swift */ = {isa = PBXFileReference; lastKnownFileType = sourcecode.swift; path = ContentView.swift; sourceTree = "<group>"; };
		9EE2C7F62B2B337500435485 /* Assets.xcassets */ = {isa = PBXFileReference; lastKnownFileType = folder.assetcatalog; path = Assets.xcassets; sourceTree = "<group>"; };
		9EE2C7F92B2B337500435485 /* Preview Assets.xcassets */ = {isa = PBXFileReference; lastKnownFileType = folder.assetcatalog; path = "Preview Assets.xcassets"; sourceTree = "<group>"; };
		9EE2C8012B2B33C500435485 /* PhotosModel.xcdatamodel */ = {isa = PBXFileReference; lastKnownFileType = wrapper.xcdatamodel; path = PhotosModel.xcdatamodel; sourceTree = "<group>"; };
		9EE2C8032B2B352E00435485 /* Photo.swift */ = {isa = PBXFileReference; lastKnownFileType = sourcecode.swift; path = Photo.swift; sourceTree = "<group>"; };
		9EE2C8052B2B35F500435485 /* CoreDataManager.swift */ = {isa = PBXFileReference; lastKnownFileType = sourcecode.swift; path = CoreDataManager.swift; sourceTree = "<group>"; };
		9EE2C8072B2B37D800435485 /* PhotoViewModel.swift */ = {isa = PBXFileReference; lastKnownFileType = sourcecode.swift; path = PhotoViewModel.swift; sourceTree = "<group>"; };
		9EE2C8092B2B3B7100435485 /* UIImageTransformer.swift */ = {isa = PBXFileReference; lastKnownFileType = sourcecode.swift; path = UIImageTransformer.swift; sourceTree = "<group>"; };
/* End PBXFileReference section */

/* Begin PBXFrameworksBuildPhase section */
		9EE2C7EC2B2B337400435485 /* Frameworks */ = {
			isa = PBXFrameworksBuildPhase;
			buildActionMask = 2147483647;
			files = (
			);
			runOnlyForDeploymentPostprocessing = 0;
		};
/* End PBXFrameworksBuildPhase section */

/* Begin PBXGroup section */
		9E9A3BFA2B2C121400EF6E74 /* CoreData */ = {
			isa = PBXGroup;
			children = (
				9EE2C8032B2B352E00435485 /* Photo.swift */,
				9EE2C8092B2B3B7100435485 /* UIImageTransformer.swift */,
				9EE2C8052B2B35F500435485 /* CoreDataManager.swift */,
			);
			path = CoreData;
			sourceTree = "<group>";
		};
		9E9A3BFB2B2C122A00EF6E74 /* View */ = {
			isa = PBXGroup;
			children = (
				9EE2C8072B2B37D800435485 /* PhotoViewModel.swift */,
				9EE2C7F42B2B337400435485 /* ContentView.swift */,
			);
			path = View;
			sourceTree = "<group>";
		};
		9EE2C7E62B2B337400435485 = {
			isa = PBXGroup;
			children = (
				9EE2C7F12B2B337400435485 /* CoreDataSolutions */,
				9EE2C7F02B2B337400435485 /* Products */,
			);
			sourceTree = "<group>";
		};
		9EE2C7F02B2B337400435485 /* Products */ = {
			isa = PBXGroup;
			children = (
				9EE2C7EF2B2B337400435485 /* CoreDataSolutions.app */,
			);
			name = Products;
			sourceTree = "<group>";
		};
		9EE2C7F12B2B337400435485 /* CoreDataSolutions */ = {
			isa = PBXGroup;
			children = (
				9E9A3BFB2B2C122A00EF6E74 /* View */,
				9E9A3BFA2B2C121400EF6E74 /* CoreData */,
				9EE2C7F22B2B337400435485 /* CoreDataSolutionsApp.swift */,
				9EE2C7F62B2B337500435485 /* Assets.xcassets */,
				9EE2C7F82B2B337500435485 /* Preview Content */,
				9EE2C8002B2B33C500435485 /* PhotosModel.xcdatamodeld */,
				9E9A3BFC2B2C127000EF6E74 /* CoreData Problem .md */,
			);
			path = CoreDataSolutions;
			sourceTree = "<group>";
		};
		9EE2C7F82B2B337500435485 /* Preview Content */ = {
			isa = PBXGroup;
			children = (
				9EE2C7F92B2B337500435485 /* Preview Assets.xcassets */,
			);
			path = "Preview Content";
			sourceTree = "<group>";
		};
/* End PBXGroup section */

/* Begin PBXNativeTarget section */
		9EE2C7EE2B2B337400435485 /* CoreDataSolutions */ = {
			isa = PBXNativeTarget;
			buildConfigurationList = 9EE2C7FD2B2B337500435485 /* Build configuration list for PBXNativeTarget "CoreDataSolutions" */;
			buildPhases = (
				9EE2C7EB2B2B337400435485 /* Sources */,
				9EE2C7EC2B2B337400435485 /* Frameworks */,
				9EE2C7ED2B2B337400435485 /* Resources */,
			);
			buildRules = (
			);
			dependencies = (
			);
			name = CoreDataSolutions;
			productName = CoreDataSolutions;
			productReference = 9EE2C7EF2B2B337400435485 /* CoreDataSolutions.app */;
			productType = "com.apple.product-type.application";
		};
/* End PBXNativeTarget section */

/* Begin PBXProject section */
		9EE2C7E72B2B337400435485 /* Project object */ = {
			isa = PBXProject;
			attributes = {
				BuildIndependentTargetsInParallel = 1;
				LastSwiftUpdateCheck = 1500;
				LastUpgradeCheck = 1500;
				TargetAttributes = {
					9EE2C7EE2B2B337400435485 = {
						CreatedOnToolsVersion = 15.0;
					};
				};
			};
			buildConfigurationList = 9EE2C7EA2B2B337400435485 /* Build configuration list for PBXProject "CoreDataSolutions" */;
			compatibilityVersion = "Xcode 14.0";
			developmentRegion = en;
			hasScannedForEncodings = 0;
			knownRegions = (
				en,
				Base,
			);
			mainGroup = 9EE2C7E62B2B337400435485;
			productRefGroup = 9EE2C7F02B2B337400435485 /* Products */;
			projectDirPath = "";
			projectRoot = "";
			targets = (
				9EE2C7EE2B2B337400435485 /* CoreDataSolutions */,
			);
		};
/* End PBXProject section */

/* Begin PBXResourcesBuildPhase section */
		9EE2C7ED2B2B337400435485 /* Resources */ = {
			isa = PBXResourcesBuildPhase;
			buildActionMask = 2147483647;
			files = (
				9EE2C7FA2B2B337500435485 /* Preview Assets.xcassets in Resources */,
				9EE2C7F72B2B337500435485 /* Assets.xcassets in Resources */,
			);
			runOnlyForDeploymentPostprocessing = 0;
		};
/* End PBXResourcesBuildPhase section */

/* Begin PBXSourcesBuildPhase section */
		9EE2C7EB2B2B337400435485 /* Sources */ = {
			isa = PBXSourcesBuildPhase;
			buildActionMask = 2147483647;
			files = (
				9EE2C8042B2B352E00435485 /* Photo.swift in Sources */,
				9EE2C8082B2B37D800435485 /* PhotoViewModel.swift in Sources */,
				9EE2C8022B2B33C500435485 /* PhotosModel.xcdatamodeld in Sources */,
				9EE2C80A2B2B3B7100435485 /* UIImageTransformer.swift in Sources */,
				9EE2C7F52B2B337400435485 /* ContentView.swift in Sources */,
				9EE2C8062B2B35F500435485 /* CoreDataManager.swift in Sources */,
				9EE2C7F32B2B337400435485 /* CoreDataSolutionsApp.swift in Sources */,
			);
			runOnlyForDeploymentPostprocessing = 0;
		};
/* End PBXSourcesBuildPhase section */

/* Begin XCBuildConfiguration section */
		9EE2C7FB2B2B337500435485 /* Debug */ = {
			isa = XCBuildConfiguration;
			buildSettings = {
				ALWAYS_SEARCH_USER_PATHS = NO;
				ASSETCATALOG_COMPILER_GENERATE_SWIFT_ASSET_SYMBOL_EXTENSIONS = YES;
				CLANG_ANALYZER_NONNULL = YES;
				CLANG_ANALYZER_NUMBER_OBJECT_CONVERSION = YES_AGGRESSIVE;
				CLANG_CXX_LANGUAGE_STANDARD = "gnu++20";
				CLANG_ENABLE_MODULES = YES;
				CLANG_ENABLE_OBJC_ARC = YES;
				CLANG_ENABLE_OBJC_WEAK = YES;
				CLANG_WARN_BLOCK_CAPTURE_AUTORELEASING = YES;
				CLANG_WARN_BOOL_CONVERSION = YES;
				CLANG_WARN_COMMA = YES;
				CLANG_WARN_CONSTANT_CONVERSION = YES;
				CLANG_WARN_DEPRECATED_OBJC_IMPLEMENTATIONS = YES;
				CLANG_WARN_DIRECT_OBJC_ISA_USAGE = YES_ERROR;
				CLANG_WARN_DOCUMENTATION_COMMENTS = YES;
				CLANG_WARN_EMPTY_BODY = YES;
				CLANG_WARN_ENUM_CONVERSION = YES;
				CLANG_WARN_INFINITE_RECURSION = YES;
				CLANG_WARN_INT_CONVERSION = YES;
				CLANG_WARN_NON_LITERAL_NULL_CONVERSION = YES;
				CLANG_WARN_OBJC_IMPLICIT_RETAIN_SELF = YES;
				CLANG_WARN_OBJC_LITERAL_CONVERSION = YES;
				CLANG_WARN_OBJC_ROOT_CLASS = YES_ERROR;
				CLANG_WARN_QUOTED_INCLUDE_IN_FRAMEWORK_HEADER = YES;
				CLANG_WARN_RANGE_LOOP_ANALYSIS = YES;
				CLANG_WARN_STRICT_PROTOTYPES = YES;
				CLANG_WARN_SUSPICIOUS_MOVE = YES;
				CLANG_WARN_UNGUARDED_AVAILABILITY = YES_AGGRESSIVE;
				CLANG_WARN_UNREACHABLE_CODE = YES;
				CLANG_WARN__DUPLICATE_METHOD_MATCH = YES;
				COPY_PHASE_STRIP = NO;
				DEBUG_INFORMATION_FORMAT = dwarf;
				ENABLE_STRICT_OBJC_MSGSEND = YES;
				ENABLE_TESTABILITY = YES;
				ENABLE_USER_SCRIPT_SANDBOXING = YES;
				GCC_C_LANGUAGE_STANDARD = gnu17;
				GCC_DYNAMIC_NO_PIC = NO;
				GCC_NO_COMMON_BLOCKS = YES;
				GCC_OPTIMIZATION_LEVEL = 0;
				GCC_PREPROCESSOR_DEFINITIONS = (
					"DEBUG=1",
					"$(inherited)",
				);
				GCC_WARN_64_TO_32_BIT_CONVERSION = YES;
				GCC_WARN_ABOUT_RETURN_TYPE = YES_ERROR;
				GCC_WARN_UNDECLARED_SELECTOR = YES;
				GCC_WARN_UNINITIALIZED_AUTOS = YES_AGGRESSIVE;
				GCC_WARN_UNUSED_FUNCTION = YES;
				GCC_WARN_UNUSED_VARIABLE = YES;
				IPHONEOS_DEPLOYMENT_TARGET = 17.0;
				LOCALIZATION_PREFERS_STRING_CATALOGS = YES;
				MTL_ENABLE_DEBUG_INFO = INCLUDE_SOURCE;
				MTL_FAST_MATH = YES;
				ONLY_ACTIVE_ARCH = YES;
				SDKROOT = iphoneos;
				SWIFT_ACTIVE_COMPILATION_CONDITIONS = "DEBUG $(inherited)";
				SWIFT_OPTIMIZATION_LEVEL = "-Onone";
			};
			name = Debug;
		};
		9EE2C7FC2B2B337500435485 /* Release */ = {
			isa = XCBuildConfiguration;
			buildSettings = {
				ALWAYS_SEARCH_USER_PATHS = NO;
				ASSETCATALOG_COMPILER_GENERATE_SWIFT_ASSET_SYMBOL_EXTENSIONS = YES;
				CLANG_ANALYZER_NONNULL = YES;
				CLANG_ANALYZER_NUMBER_OBJECT_CONVERSION = YES_AGGRESSIVE;
				CLANG_CXX_LANGUAGE_STANDARD = "gnu++20";
				CLANG_ENABLE_MODULES = YES;
				CLANG_ENABLE_OBJC_ARC = YES;
				CLANG_ENABLE_OBJC_WEAK = YES;
				CLANG_WARN_BLOCK_CAPTURE_AUTORELEASING = YES;
				CLANG_WARN_BOOL_CONVERSION = YES;
				CLANG_WARN_COMMA = YES;
				CLANG_WARN_CONSTANT_CONVERSION = YES;
				CLANG_WARN_DEPRECATED_OBJC_IMPLEMENTATIONS = YES;
				CLANG_WARN_DIRECT_OBJC_ISA_USAGE = YES_ERROR;
				CLANG_WARN_DOCUMENTATION_COMMENTS = YES;
				CLANG_WARN_EMPTY_BODY = YES;
				CLANG_WARN_ENUM_CONVERSION = YES;
				CLANG_WARN_INFINITE_RECURSION = YES;
				CLANG_WARN_INT_CONVERSION = YES;
				CLANG_WARN_NON_LITERAL_NULL_CONVERSION = YES;
				CLANG_WARN_OBJC_IMPLICIT_RETAIN_SELF = YES;
				CLANG_WARN_OBJC_LITERAL_CONVERSION = YES;
				CLANG_WARN_OBJC_ROOT_CLASS = YES_ERROR;
				CLANG_WARN_QUOTED_INCLUDE_IN_FRAMEWORK_HEADER = YES;
				CLANG_WARN_RANGE_LOOP_ANALYSIS = YES;
				CLANG_WARN_STRICT_PROTOTYPES = YES;
				CLANG_WARN_SUSPICIOUS_MOVE = YES;
				CLANG_WARN_UNGUARDED_AVAILABILITY = YES_AGGRESSIVE;
				CLANG_WARN_UNREACHABLE_CODE = YES;
				CLANG_WARN__DUPLICATE_METHOD_MATCH = YES;
				COPY_PHASE_STRIP = NO;
				DEBUG_INFORMATION_FORMAT = "dwarf-with-dsym";
				ENABLE_NS_ASSERTIONS = NO;
				ENABLE_STRICT_OBJC_MSGSEND = YES;
				ENABLE_USER_SCRIPT_SANDBOXING = YES;
				GCC_C_LANGUAGE_STANDARD = gnu17;
				GCC_NO_COMMON_BLOCKS = YES;
				GCC_WARN_64_TO_32_BIT_CONVERSION = YES;
				GCC_WARN_ABOUT_RETURN_TYPE = YES_ERROR;
				GCC_WARN_UNDECLARED_SELECTOR = YES;
				GCC_WARN_UNINITIALIZED_AUTOS = YES_AGGRESSIVE;
				GCC_WARN_UNUSED_FUNCTION = YES;
				GCC_WARN_UNUSED_VARIABLE = YES;
				IPHONEOS_DEPLOYMENT_TARGET = 17.0;
				LOCALIZATION_PREFERS_STRING_CATALOGS = YES;
				MTL_ENABLE_DEBUG_INFO = NO;
				MTL_FAST_MATH = YES;
				SDKROOT = iphoneos;
				SWIFT_COMPILATION_MODE = wholemodule;
				VALIDATE_PRODUCT = YES;
			};
			name = Release;
		};
		9EE2C7FE2B2B337500435485 /* Debug */ = {
			isa = XCBuildConfiguration;
			buildSettings = {
				ASSETCATALOG_COMPILER_APPICON_NAME = AppIcon;
				ASSETCATALOG_COMPILER_GLOBAL_ACCENT_COLOR_NAME = AccentColor;
				CODE_SIGN_STYLE = Automatic;
				CURRENT_PROJECT_VERSION = 1;
				DEVELOPMENT_ASSET_PATHS = "\"CoreDataSolutions/Preview Content\"";
				DEVELOPMENT_TEAM = 56GJJ22ADR;
				ENABLE_PREVIEWS = YES;
				GENERATE_INFOPLIST_FILE = YES;
				INFOPLIST_KEY_UIApplicationSceneManifest_Generation = YES;
				INFOPLIST_KEY_UIApplicationSupportsIndirectInputEvents = YES;
				INFOPLIST_KEY_UILaunchScreen_Generation = YES;
				INFOPLIST_KEY_UISupportedInterfaceOrientations_iPad = "UIInterfaceOrientationPortrait UIInterfaceOrientationPortraitUpsideDown UIInterfaceOrientationLandscapeLeft UIInterfaceOrientationLandscapeRight";
				INFOPLIST_KEY_UISupportedInterfaceOrientations_iPhone = "UIInterfaceOrientationPortrait UIInterfaceOrientationLandscapeLeft UIInterfaceOrientationLandscapeRight";
				LD_RUNPATH_SEARCH_PATHS = (
					"$(inherited)",
					"@executable_path/Frameworks",
				);
				MARKETING_VERSION = 1.0;
				PRODUCT_BUNDLE_IDENTIFIER = AlexanderKorchak.CoreDataSolutions;
				PRODUCT_NAME = "$(TARGET_NAME)";
				SWIFT_EMIT_LOC_STRINGS = YES;
				SWIFT_VERSION = 5.0;
				TARGETED_DEVICE_FAMILY = "1,2";
			};
			name = Debug;
		};
		9EE2C7FF2B2B337500435485 /* Release */ = {
			isa = XCBuildConfiguration;
			buildSettings = {
				ASSETCATALOG_COMPILER_APPICON_NAME = AppIcon;
				ASSETCATALOG_COMPILER_GLOBAL_ACCENT_COLOR_NAME = AccentColor;
				CODE_SIGN_STYLE = Automatic;
				CURRENT_PROJECT_VERSION = 1;
				DEVELOPMENT_ASSET_PATHS = "\"CoreDataSolutions/Preview Content\"";
				DEVELOPMENT_TEAM = 56GJJ22ADR;
				ENABLE_PREVIEWS = YES;
				GENERATE_INFOPLIST_FILE = YES;
				INFOPLIST_KEY_UIApplicationSceneManifest_Generation = YES;
				INFOPLIST_KEY_UIApplicationSupportsIndirectInputEvents = YES;
				INFOPLIST_KEY_UILaunchScreen_Generation = YES;
				INFOPLIST_KEY_UISupportedInterfaceOrientations_iPad = "UIInterfaceOrientationPortrait UIInterfaceOrientationPortraitUpsideDown UIInterfaceOrientationLandscapeLeft UIInterfaceOrientationLandscapeRight";
				INFOPLIST_KEY_UISupportedInterfaceOrientations_iPhone = "UIInterfaceOrientationPortrait UIInterfaceOrientationLandscapeLeft UIInterfaceOrientationLandscapeRight";
				LD_RUNPATH_SEARCH_PATHS = (
					"$(inherited)",
					"@executable_path/Frameworks",
				);
				MARKETING_VERSION = 1.0;
				PRODUCT_BUNDLE_IDENTIFIER = AlexanderKorchak.CoreDataSolutions;
				PRODUCT_NAME = "$(TARGET_NAME)";
				SWIFT_EMIT_LOC_STRINGS = YES;
				SWIFT_VERSION = 5.0;
				TARGETED_DEVICE_FAMILY = "1,2";
			};
			name = Release;
		};
/* End XCBuildConfiguration section */

/* Begin XCConfigurationList section */
		9EE2C7EA2B2B337400435485 /* Build configuration list for PBXProject "CoreDataSolutions" */ = {
			isa = XCConfigurationList;
			buildConfigurations = (
				9EE2C7FB2B2B337500435485 /* Debug */,
				9EE2C7FC2B2B337500435485 /* Release */,
			);
			defaultConfigurationIsVisible = 0;
			defaultConfigurationName = Release;
		};
		9EE2C7FD2B2B337500435485 /* Build configuration list for PBXNativeTarget "CoreDataSolutions" */ = {
			isa = XCConfigurationList;
			buildConfigurations = (
				9EE2C7FE2B2B337500435485 /* Debug */,
				9EE2C7FF2B2B337500435485 /* Release */,
			);
			defaultConfigurationIsVisible = 0;
			defaultConfigurationName = Release;
		};
/* End XCConfigurationList section */

/* Begin XCVersionGroup section */
		9EE2C8002B2B33C500435485 /* PhotosModel.xcdatamodeld */ = {
			isa = XCVersionGroup;
			children = (
				9EE2C8012B2B33C500435485 /* PhotosModel.xcdatamodel */,
			);
			currentVersion = 9EE2C8012B2B33C500435485 /* PhotosModel.xcdatamodel */;
			path = PhotosModel.xcdatamodeld;
			sourceTree = "<group>";
			versionGroupType = wrapper.xcdatamodel;
		};
/* End XCVersionGroup section */
	};
	rootObject = 9EE2C7E72B2B337400435485 /* Project object */;
}
